
Microsoft Visual Studio Solution File, Format Version 12.00
# Visual Studio Version 16
VisualStudioVersion = 16.0.30717.126
MinimumVisualStudioVersion = 10.0.40219.1
Project("{FAE04EC0-301F-11D3-BF4B-00C04F79EFBC}") = "SmallUserVolume", "SmallUserVolume.csproj", "{C66946CE-FBD7-4A39-A6EB-BE4C790E01C0}"
EndProject
Global
	GlobalSection(SolutionConfigurationPlatforms) = preSolution
		Debug|Any CPU = Debug|Any CPU
		Release|Any CPU = Release|Any CPU
	EndGlobalSection
	GlobalSection(ProjectConfigurationPlatforms) = postSolution
		{C66946CE-FBD7-4A39-A6EB-BE4C790E01C0}.Debug|Any CPU.ActiveCfg = Debug|Any CPU
		{C66946CE-FBD7-4A39-A6EB-BE4C790E01C0}.Debug|Any CPU.Build.0 = Debug|Any CPU
		{C66946CE-FBD7-4A39-A6EB-BE4C790E01C0}.Release|Any CPU.ActiveCfg = Release|Any CPU
		{C66946CE-FBD7-4A39-A6EB-BE4C790E01C0}.Release|Any CPU.Build.0 = Release|Any CPU
	EndGlobalSection
	GlobalSection(SolutionProperties) = preSolution
		HideSolutionNode = FALSE
	EndGlobalSection
	GlobalSection(ExtensibilityGlobals) = postSolution
		SolutionGuid = {ADAFC459-5041-46A9-92BB-B89B19E48FD0}
	EndGlobalSection
EndGlobal
